
Microsoft Visual Studio Solution File, Format Version 12.00
# Visual Studio Version 17
VisualStudioVersion = 17.3.32901.215
MinimumVisualStudioVersion = 10.0.40219.1
Project("{FAE04EC0-301F-11D3-BF4B-00C04F79EFBC}") = "button.40", "button.40\button.40.csproj", "{657B85AA-71AD-45D7-AB10-DDEE11669E3C}"
EndProject
Global
	GlobalSection(SolutionConfigurationPlatforms) = preSolution
		Debug|Any CPU = Debug|Any CPU
		Release|Any CPU = Release|Any CPU
	EndGlobalSection
	GlobalSection(ProjectConfigurationPlatforms) = postSolution
		{657B85AA-71AD-45D7-AB10-DDEE11669E3C}.Debug|Any CPU.ActiveCfg = Debug|Any CPU
		{657B85AA-71AD-45D7-AB10-DDEE11669E3C}.Debug|Any CPU.Build.0 = Debug|Any CPU
		{657B85AA-71AD-45D7-AB10-DDEE11669E3C}.Release|Any CPU.ActiveCfg = Release|Any CPU
		{657B85AA-71AD-45D7-AB10-DDEE11669E3C}.Release|Any CPU.Build.0 = Release|Any CPU
	EndGlobalSection
	GlobalSection(SolutionProperties) = preSolution
		HideSolutionNode = FALSE
	EndGlobalSection
	GlobalSection(ExtensibilityGlobals) = postSolution
		SolutionGuid = {6A3DFB60-44FD-4927-B445-619A9C93019F}
	EndGlobalSection
EndGlobal
